
Microsoft Visual Studio Solution File, Format Version 12.00
# Visual Studio Version 17
VisualStudioVersion = 17.0.31903.59
MinimumVisualStudioVersion = 10.0.40219.1
Project("{9A19103F-16F7-4668-BE54-9A1E7A4F7556}") = "Domain", "Domain\Domain.csproj", "{599E6C09-E265-44E2-9C5D-A118B4FBBD71}"
EndProject
Project("{9A19103F-16F7-4668-BE54-9A1E7A4F7556}") = "Core", "Core\Core.csproj", "{016920E1-1634-4586-A40A-A7317972F46B}"
EndProject
Project("{9A19103F-16F7-4668-BE54-9A1E7A4F7556}") = "Application", "Application\Application.csproj", "{7B711F03-3152-4A14-A113-EF0350F83876}"
EndProject
Project("{9A19103F-16F7-4668-BE54-9A1E7A4F7556}") = "Infrastructure", "Infrastructure\Infrastructure.csproj", "{DD362ECB-ED89-4ED2-B05B-EFFD9114A98F}"
EndProject
Project("{9A19103F-16F7-4668-BE54-9A1E7A4F7556}") = "Api", "Api\Api.csproj", "{8AA9D7A8-47DC-40AA-8C2B-EDE8B3F05ADB}"
EndProject
Project("{9A19103F-16F7-4668-BE54-9A1E7A4F7556}") = "UnitTest", "UnitTest\UnitTest.csproj", "{B4D11916-5D39-4027-9D22-00460D8EAB1D}"
EndProject
Project("{2150E333-8FDC-42A3-9474-1A3956D46DE8}") = "Solution Items", "Solution Items", "{C0D81707-696A-4640-A04B-D3E8982728E2}"
	ProjectSection(SolutionItems) = preProject
		.editorconfig = .editorconfig
	EndProjectSection
EndProject
Global
	GlobalSection(SolutionConfigurationPlatforms) = preSolution
		Debug|Any CPU = Debug|Any CPU
		Release|Any CPU = Release|Any CPU
	EndGlobalSection
	GlobalSection(ProjectConfigurationPlatforms) = postSolution
		{599E6C09-E265-44E2-9C5D-A118B4FBBD71}.Debug|Any CPU.ActiveCfg = Debug|Any CPU
		{599E6C09-E265-44E2-9C5D-A118B4FBBD71}.Debug|Any CPU.Build.0 = Debug|Any CPU
		{599E6C09-E265-44E2-9C5D-A118B4FBBD71}.Release|Any CPU.ActiveCfg = Release|Any CPU
		{599E6C09-E265-44E2-9C5D-A118B4FBBD71}.Release|Any CPU.Build.0 = Release|Any CPU
		{016920E1-1634-4586-A40A-A7317972F46B}.Debug|Any CPU.ActiveCfg = Debug|Any CPU
		{016920E1-1634-4586-A40A-A7317972F46B}.Debug|Any CPU.Build.0 = Debug|Any CPU
		{016920E1-1634-4586-A40A-A7317972F46B}.Release|Any CPU.ActiveCfg = Release|Any CPU
		{016920E1-1634-4586-A40A-A7317972F46B}.Release|Any CPU.Build.0 = Release|Any CPU
		{7B711F03-3152-4A14-A113-EF0350F83876}.Debug|Any CPU.ActiveCfg = Debug|Any CPU
		{7B711F03-3152-4A14-A113-EF0350F83876}.Debug|Any CPU.Build.0 = Debug|Any CPU
		{7B711F03-3152-4A14-A113-EF0350F83876}.Release|Any CPU.ActiveCfg = Release|Any CPU
		{7B711F03-3152-4A14-A113-EF0350F83876}.Release|Any CPU.Build.0 = Release|Any CPU
		{DD362ECB-ED89-4ED2-B05B-EFFD9114A98F}.Debug|Any CPU.ActiveCfg = Debug|Any CPU
		{DD362ECB-ED89-4ED2-B05B-EFFD9114A98F}.Debug|Any CPU.Build.0 = Debug|Any CPU
		{DD362ECB-ED89-4ED2-B05B-EFFD9114A98F}.Release|Any CPU.ActiveCfg = Release|Any CPU
		{DD362ECB-ED89-4ED2-B05B-EFFD9114A98F}.Release|Any CPU.Build.0 = Release|Any CPU
		{8AA9D7A8-47DC-40AA-8C2B-EDE8B3F05ADB}.Debug|Any CPU.ActiveCfg = Debug|Any CPU
		{8AA9D7A8-47DC-40AA-8C2B-EDE8B3F05ADB}.Debug|Any CPU.Build.0 = Debug|Any CPU
		{8AA9D7A8-47DC-40AA-8C2B-EDE8B3F05ADB}.Release|Any CPU.ActiveCfg = Release|Any CPU
		{8AA9D7A8-47DC-40AA-8C2B-EDE8B3F05ADB}.Release|Any CPU.Build.0 = Release|Any CPU
		{B4D11916-5D39-4027-9D22-00460D8EAB1D}.Debug|Any CPU.ActiveCfg = Debug|Any CPU
		{B4D11916-5D39-4027-9D22-00460D8EAB1D}.Debug|Any CPU.Build.0 = Debug|Any CPU
		{B4D11916-5D39-4027-9D22-00460D8EAB1D}.Release|Any CPU.ActiveCfg = Release|Any CPU
		{B4D11916-5D39-4027-9D22-00460D8EAB1D}.Release|Any CPU.Build.0 = Release|Any CPU
	EndGlobalSection
	GlobalSection(SolutionProperties) = preSolution
		HideSolutionNode = FALSE
	EndGlobalSection
	GlobalSection(ExtensibilityGlobals) = postSolution
		SolutionGuid = {34E4A80D-4208-460C-88BA-36629FCAB161}
	EndGlobalSection
EndGlobal
